
Microsoft Visual Studio Solution File, Format Version 12.00
# Visual Studio 15
VisualStudioVersion = 15.0.27130.0
MinimumVisualStudioVersion = 10.0.40219.1
Project("{F2A71F9B-5D33-465A-A702-920D77279786}") = "AoC.FSharp", "AoC.FSharp\AoC.FSharp.fsproj", "{4D315481-C3D4-404C-A683-D6EB614D46F7}"
EndProject
Project("{FAE04EC0-301F-11D3-BF4B-00C04F79EFBC}") = "AoC", "AoC.CSharp\AoC.csproj", "{F0AD4568-5031-42CC-974E-F23377BAAFF5}"
EndProject
Global
	GlobalSection(SolutionConfigurationPlatforms) = preSolution
		Debug|Any CPU = Debug|Any CPU
		Release|Any CPU = Release|Any CPU
	EndGlobalSection
	GlobalSection(ProjectConfigurationPlatforms) = postSolution
		{4D315481-C3D4-404C-A683-D6EB614D46F7}.Debug|Any CPU.ActiveCfg = Debug|Any CPU
		{4D315481-C3D4-404C-A683-D6EB614D46F7}.Debug|Any CPU.Build.0 = Debug|Any CPU
		{4D315481-C3D4-404C-A683-D6EB614D46F7}.Release|Any CPU.ActiveCfg = Release|Any CPU
		{4D315481-C3D4-404C-A683-D6EB614D46F7}.Release|Any CPU.Build.0 = Release|Any CPU
		{F0AD4568-5031-42CC-974E-F23377BAAFF5}.Debug|Any CPU.ActiveCfg = Debug|Any CPU
		{F0AD4568-5031-42CC-974E-F23377BAAFF5}.Debug|Any CPU.Build.0 = Debug|Any CPU
		{F0AD4568-5031-42CC-974E-F23377BAAFF5}.Release|Any CPU.ActiveCfg = Release|Any CPU
		{F0AD4568-5031-42CC-974E-F23377BAAFF5}.Release|Any CPU.Build.0 = Release|Any CPU
	EndGlobalSection
	GlobalSection(SolutionProperties) = preSolution
		HideSolutionNode = FALSE
	EndGlobalSection
	GlobalSection(ExtensibilityGlobals) = postSolution
		SolutionGuid = {3F66C165-8C46-47AA-8E68-8E3F3EED9159}
	EndGlobalSection
EndGlobal
